
Microsoft Visual Studio Solution File, Format Version 12.00
# Visual Studio Version 17
VisualStudioVersion = 17.6.33801.468
MinimumVisualStudioVersion = 10.0.40219.1
Project("{FAE04EC0-301F-11D3-BF4B-00C04F79EFBC}") = "QLThuVIen", "QLThuVIen\QLThuVIen.csproj", "{5A2AEBC8-457D-4F73-8A79-716700DC905B}"
EndProject
Global
	GlobalSection(SolutionConfigurationPlatforms) = preSolution
		Debug|Any CPU = Debug|Any CPU
		Release|Any CPU = Release|Any CPU
	EndGlobalSection
	GlobalSection(ProjectConfigurationPlatforms) = postSolution
		{5A2AEBC8-457D-4F73-8A79-716700DC905B}.Debug|Any CPU.ActiveCfg = Debug|Any CPU
		{5A2AEBC8-457D-4F73-8A79-716700DC905B}.Debug|Any CPU.Build.0 = Debug|Any CPU
		{5A2AEBC8-457D-4F73-8A79-716700DC905B}.Release|Any CPU.ActiveCfg = Release|Any CPU
		{5A2AEBC8-457D-4F73-8A79-716700DC905B}.Release|Any CPU.Build.0 = Release|Any CPU
	EndGlobalSection
	GlobalSection(SolutionProperties) = preSolution
		HideSolutionNode = FALSE
	EndGlobalSection
	GlobalSection(ExtensibilityGlobals) = postSolution
		SolutionGuid = {E04A74B7-A41B-40F1-8645-3E9B72293EF7}
	EndGlobalSection
EndGlobal
